
Microsoft Visual Studio Solution File, Format Version 12.00
# Visual Studio Version 17
VisualStudioVersion = 17.10.35013.160
MinimumVisualStudioVersion = 10.0.40219.1
Project("{FAE04EC0-301F-11D3-BF4B-00C04F79EFBC}") = "AngularApp22.Server", "AngularApp22.Server\AngularApp22.Server.csproj", "{0B3D0B30-8521-4026-BAF9-0488B6F35150}"
EndProject
Project("{54A90642-561A-4BB1-A94E-469ADEE60C69}") = "angularapp22.client", "angularapp22.client\angularapp22.client.esproj", "{D7DE9652-716F-4AE5-A2F8-BA89694E5BCD}"
EndProject
Global
	GlobalSection(SolutionConfigurationPlatforms) = preSolution
		Debug|Any CPU = Debug|Any CPU
		Release|Any CPU = Release|Any CPU
	EndGlobalSection
	GlobalSection(ProjectConfigurationPlatforms) = postSolution
		{0B3D0B30-8521-4026-BAF9-0488B6F35150}.Debug|Any CPU.ActiveCfg = Debug|Any CPU
		{0B3D0B30-8521-4026-BAF9-0488B6F35150}.Debug|Any CPU.Build.0 = Debug|Any CPU
		{0B3D0B30-8521-4026-BAF9-0488B6F35150}.Release|Any CPU.ActiveCfg = Release|Any CPU
		{0B3D0B30-8521-4026-BAF9-0488B6F35150}.Release|Any CPU.Build.0 = Release|Any CPU
		{D7DE9652-716F-4AE5-A2F8-BA89694E5BCD}.Debug|Any CPU.ActiveCfg = Debug|Any CPU
		{D7DE9652-716F-4AE5-A2F8-BA89694E5BCD}.Debug|Any CPU.Build.0 = Debug|Any CPU
		{D7DE9652-716F-4AE5-A2F8-BA89694E5BCD}.Debug|Any CPU.Deploy.0 = Debug|Any CPU
		{D7DE9652-716F-4AE5-A2F8-BA89694E5BCD}.Release|Any CPU.ActiveCfg = Release|Any CPU
		{D7DE9652-716F-4AE5-A2F8-BA89694E5BCD}.Release|Any CPU.Build.0 = Release|Any CPU
		{D7DE9652-716F-4AE5-A2F8-BA89694E5BCD}.Release|Any CPU.Deploy.0 = Release|Any CPU
	EndGlobalSection
	GlobalSection(SolutionProperties) = preSolution
		HideSolutionNode = FALSE
	EndGlobalSection
	GlobalSection(ExtensibilityGlobals) = postSolution
		SolutionGuid = {B4E498DB-44D0-4FDC-B7B8-0C4991FD8C4E}
	EndGlobalSection
EndGlobal
